
Microsoft Visual Studio Solution File, Format Version 12.00
Project("{FAE04EC0-301F-11D3-BF4B-00C04F79EFBC}") = "Echidna", "Echidna\Echidna.csproj", "{B2DBDADF-72A8-4C76-881A-778A37AB3A8F}"
EndProject
Project("{FAE04EC0-301F-11D3-BF4B-00C04F79EFBC}") = "StbSharpOpenTK", "StbSharpOpenTK\StbSharpOpenTK.csproj", "{76F72C8C-BE34-49D8-BFD3-47A8AD00DD42}"
EndProject
Global
	GlobalSection(SolutionConfigurationPlatforms) = preSolution
		Debug|Any CPU = Debug|Any CPU
		Release|Any CPU = Release|Any CPU
	EndGlobalSection
	GlobalSection(ProjectConfigurationPlatforms) = postSolution
		{B2DBDADF-72A8-4C76-881A-778A37AB3A8F}.Debug|Any CPU.ActiveCfg = Debug|Any CPU
		{B2DBDADF-72A8-4C76-881A-778A37AB3A8F}.Debug|Any CPU.Build.0 = Debug|Any CPU
		{B2DBDADF-72A8-4C76-881A-778A37AB3A8F}.Release|Any CPU.ActiveCfg = Release|Any CPU
		{B2DBDADF-72A8-4C76-881A-778A37AB3A8F}.Release|Any CPU.Build.0 = Release|Any CPU
		{76F72C8C-BE34-49D8-BFD3-47A8AD00DD42}.Debug|Any CPU.ActiveCfg = Debug|Any CPU
		{76F72C8C-BE34-49D8-BFD3-47A8AD00DD42}.Debug|Any CPU.Build.0 = Debug|Any CPU
		{76F72C8C-BE34-49D8-BFD3-47A8AD00DD42}.Release|Any CPU.ActiveCfg = Release|Any CPU
		{76F72C8C-BE34-49D8-BFD3-47A8AD00DD42}.Release|Any CPU.Build.0 = Release|Any CPU
	EndGlobalSection
EndGlobal
